
Microsoft Visual Studio Solution File, Format Version 12.00
# Visual Studio Version 17
VisualStudioVersion = 17.0.32112.339
MinimumVisualStudioVersion = 10.0.40219.1
Project("{FAE04EC0-301F-11D3-BF4B-00C04F79EFBC}") = "CommandTypesResolver", "CommandTypesResolver\CommandTypesResolver.csproj", "{FDA798A4-4C9E-444D-9EC5-D7E310548103}"
EndProject
Global
	GlobalSection(SolutionConfigurationPlatforms) = preSolution
		Debug|Any CPU = Debug|Any CPU
		Release|Any CPU = Release|Any CPU
	EndGlobalSection
	GlobalSection(ProjectConfigurationPlatforms) = postSolution
		{FDA798A4-4C9E-444D-9EC5-D7E310548103}.Debug|Any CPU.ActiveCfg = Debug|Any CPU
		{FDA798A4-4C9E-444D-9EC5-D7E310548103}.Debug|Any CPU.Build.0 = Debug|Any CPU
		{FDA798A4-4C9E-444D-9EC5-D7E310548103}.Release|Any CPU.ActiveCfg = Release|Any CPU
		{FDA798A4-4C9E-444D-9EC5-D7E310548103}.Release|Any CPU.Build.0 = Release|Any CPU
	EndGlobalSection
	GlobalSection(SolutionProperties) = preSolution
		HideSolutionNode = FALSE
	EndGlobalSection
	GlobalSection(ExtensibilityGlobals) = postSolution
		SolutionGuid = {BBF5B293-517E-4894-BE8D-55D47D5DA032}
	EndGlobalSection
EndGlobal
